
Microsoft Visual Studio Solution File, Format Version 12.00
# Visual Studio Version 16
VisualStudioVersion = 16.6.30114.105
MinimumVisualStudioVersion = 10.0.40219.1
Project("{2150E333-8FDC-42A3-9474-1A3956D46DE8}") = "src", "src", "{4360329E-2E78-47CD-AFC5-6294828A3D6A}"
EndProject
Project("{FAE04EC0-301F-11D3-BF4B-00C04F79EFBC}") = "XmlTransformer", "src\XmlTransformer\XmlTransformer.csproj", "{8D016371-1738-45C8-8429-ACE6DB8690A7}"
EndProject
Project("{2150E333-8FDC-42A3-9474-1A3956D46DE8}") = "Solution Items", "Solution Items", "{024DA4D2-0B95-402F-A6D5-A4D06E8C8D32}"
	ProjectSection(SolutionItems) = preProject
		.dockerignore = .dockerignore
		.gitignore = .gitignore
		LICENSE = LICENSE
		README.md = README.md
	EndProjectSection
EndProject
Global
	GlobalSection(SolutionConfigurationPlatforms) = preSolution
		Debug|Any CPU = Debug|Any CPU
		Debug|x64 = Debug|x64
		Debug|x86 = Debug|x86
		Release|Any CPU = Release|Any CPU
		Release|x64 = Release|x64
		Release|x86 = Release|x86
	EndGlobalSection
	GlobalSection(ProjectConfigurationPlatforms) = postSolution
		{8D016371-1738-45C8-8429-ACE6DB8690A7}.Debug|Any CPU.ActiveCfg = Debug|Any CPU
		{8D016371-1738-45C8-8429-ACE6DB8690A7}.Debug|Any CPU.Build.0 = Debug|Any CPU
		{8D016371-1738-45C8-8429-ACE6DB8690A7}.Debug|x64.ActiveCfg = Debug|Any CPU
		{8D016371-1738-45C8-8429-ACE6DB8690A7}.Debug|x64.Build.0 = Debug|Any CPU
		{8D016371-1738-45C8-8429-ACE6DB8690A7}.Debug|x86.ActiveCfg = Debug|Any CPU
		{8D016371-1738-45C8-8429-ACE6DB8690A7}.Debug|x86.Build.0 = Debug|Any CPU
		{8D016371-1738-45C8-8429-ACE6DB8690A7}.Release|Any CPU.ActiveCfg = Release|Any CPU
		{8D016371-1738-45C8-8429-ACE6DB8690A7}.Release|Any CPU.Build.0 = Release|Any CPU
		{8D016371-1738-45C8-8429-ACE6DB8690A7}.Release|x64.ActiveCfg = Release|Any CPU
		{8D016371-1738-45C8-8429-ACE6DB8690A7}.Release|x64.Build.0 = Release|Any CPU
		{8D016371-1738-45C8-8429-ACE6DB8690A7}.Release|x86.ActiveCfg = Release|Any CPU
		{8D016371-1738-45C8-8429-ACE6DB8690A7}.Release|x86.Build.0 = Release|Any CPU
	EndGlobalSection
	GlobalSection(SolutionProperties) = preSolution
		HideSolutionNode = FALSE
	EndGlobalSection
	GlobalSection(NestedProjects) = preSolution
		{8D016371-1738-45C8-8429-ACE6DB8690A7} = {4360329E-2E78-47CD-AFC5-6294828A3D6A}
	EndGlobalSection
	GlobalSection(ExtensibilityGlobals) = postSolution
		SolutionGuid = {68AF0EF1-AD1C-41BD-B573-74B5BC8F47D7}
	EndGlobalSection
EndGlobal
